
Microsoft Visual Studio Solution File, Format Version 12.00
# Visual Studio Version 17
VisualStudioVersion = 17.7.34031.279
MinimumVisualStudioVersion = 10.0.40219.1
Project("{9A19103F-16F7-4668-BE54-9A1E7A4F7556}") = "InteractiveNotes", "InteractiveNotes\InteractiveNotes.csproj", "{56CA9D1B-A279-4108-BB2D-EB48229A00EB}"
EndProject
Project("{9A19103F-16F7-4668-BE54-9A1E7A4F7556}") = "InteractiveNotes.Data", "InteractiveNotes.Data\InteractiveNotes.Data.csproj", "{9759F957-AABF-425E-A20D-75D25D1FEB7A}"
EndProject
Project("{9A19103F-16F7-4668-BE54-9A1E7A4F7556}") = "InteractiveNotes.Tests", "InteractiveNotes.Tests\InteractiveNotes.Tests.csproj", "{0F8C80FA-209B-4CCC-8F82-12C457BD3B3A}"
EndProject
Project("{2150E333-8FDC-42A3-9474-1A3956D46DE8}") = "Solution Items", "Solution Items", "{AF2457DC-04CE-46F0-80F3-DD62B5C0CAB9}"
	ProjectSection(SolutionItems) = preProject
		README.md = README.md
	EndProjectSection
EndProject
Global
	GlobalSection(SolutionConfigurationPlatforms) = preSolution
		Debug|Any CPU = Debug|Any CPU
		Release|Any CPU = Release|Any CPU
	EndGlobalSection
	GlobalSection(ProjectConfigurationPlatforms) = postSolution
		{56CA9D1B-A279-4108-BB2D-EB48229A00EB}.Debug|Any CPU.ActiveCfg = Debug|Any CPU
		{56CA9D1B-A279-4108-BB2D-EB48229A00EB}.Debug|Any CPU.Build.0 = Debug|Any CPU
		{56CA9D1B-A279-4108-BB2D-EB48229A00EB}.Release|Any CPU.ActiveCfg = Release|Any CPU
		{56CA9D1B-A279-4108-BB2D-EB48229A00EB}.Release|Any CPU.Build.0 = Release|Any CPU
		{9759F957-AABF-425E-A20D-75D25D1FEB7A}.Debug|Any CPU.ActiveCfg = Debug|Any CPU
		{9759F957-AABF-425E-A20D-75D25D1FEB7A}.Debug|Any CPU.Build.0 = Debug|Any CPU
		{9759F957-AABF-425E-A20D-75D25D1FEB7A}.Release|Any CPU.ActiveCfg = Release|Any CPU
		{9759F957-AABF-425E-A20D-75D25D1FEB7A}.Release|Any CPU.Build.0 = Release|Any CPU
		{0F8C80FA-209B-4CCC-8F82-12C457BD3B3A}.Debug|Any CPU.ActiveCfg = Debug|Any CPU
		{0F8C80FA-209B-4CCC-8F82-12C457BD3B3A}.Debug|Any CPU.Build.0 = Debug|Any CPU
		{0F8C80FA-209B-4CCC-8F82-12C457BD3B3A}.Release|Any CPU.ActiveCfg = Release|Any CPU
		{0F8C80FA-209B-4CCC-8F82-12C457BD3B3A}.Release|Any CPU.Build.0 = Release|Any CPU
	EndGlobalSection
	GlobalSection(SolutionProperties) = preSolution
		HideSolutionNode = FALSE
	EndGlobalSection
	GlobalSection(ExtensibilityGlobals) = postSolution
		SolutionGuid = {6236EA32-4F36-4A0F-97A4-00B60BC554A4}
	EndGlobalSection
EndGlobal
